// !$*UTF8*$!
{
	archiveVersion = 1;
	classes = {
	};
	objectVersion = 55;
	objects = {

/* Begin PBXBuildFile section */
		2B9FC4826B433557F9D934C1 /* SwiftMusicTheory.framework in Embed Frameworks */ = {isa = PBXBuildFile; fileRef = 80BF87B757C23803919C6436 /* SwiftMusicTheory.framework */; settings = {ATTRIBUTES = (CodeSignOnCopy, RemoveHeadersOnCopy, ); }; };
		2F7442AC59D2561DFF230B56 /* TheoryDiagrams.framework in Embed Frameworks */ = {isa = PBXBuildFile; fileRef = 903D00FDC459BE7CB01C7C05 /* TheoryDiagrams.framework */; settings = {ATTRIBUTES = (CodeSignOnCopy, RemoveHeadersOnCopy, ); }; };
		63FCEFFD3CC3CF38E94BFD0D /* Assets.xcassets in Resources */ = {isa = PBXBuildFile; fileRef = 8F6D8C0890F8A388C4383E34 /* Assets.xcassets */; };
		755AFA425E072F3B003BD5C8 /* ModalityCore.framework in Embed Frameworks */ = {isa = PBXBuildFile; fileRef = 32CA2091992AED4CF9895FD5 /* ModalityCore.framework */; settings = {ATTRIBUTES = (CodeSignOnCopy, RemoveHeadersOnCopy, ); }; };
		86759EEAE548742CF0C6D3CD /* NetworkImage.framework in Frameworks */ = {isa = PBXBuildFile; fileRef = EE38393FA86B9AE5B0C7D399 /* NetworkImage.framework */; };
		899A374420A89D2F71E31701 /* ModalityDesign.framework in Embed Frameworks */ = {isa = PBXBuildFile; fileRef = 089618688AEAB0D7C566B33E /* ModalityDesign.framework */; settings = {ATTRIBUTES = (CodeSignOnCopy, RemoveHeadersOnCopy, ); }; };
		89D4155D1CE48C37C135D183 /* TuistStrings+SpiralOfFifthsDemo.swift in Sources */ = {isa = PBXBuildFile; fileRef = 5150B8EB83A38FEE8BE855FC /* TuistStrings+SpiralOfFifthsDemo.swift */; };
		92830EB19331D85485258501 /* ModalityDesign.framework in Frameworks */ = {isa = PBXBuildFile; fileRef = 089618688AEAB0D7C566B33E /* ModalityDesign.framework */; };
		945511402F28EFF3F6DDF12D /* TuistBundle+SpiralOfFifthsDemo.swift in Sources */ = {isa = PBXBuildFile; fileRef = 96158ACC3998534B8AD3D0BE /* TuistBundle+SpiralOfFifthsDemo.swift */; };
		B3B1ADC91BFC3FBDFE2A5AD0 /* MarkdownUI.framework in Frameworks */ = {isa = PBXBuildFile; fileRef = 22A56CF7D2D4095AFC6993D2 /* MarkdownUI.framework */; };
		C600E6310B152A7D43CFA506 /* TheoryDiagrams.framework in Frameworks */ = {isa = PBXBuildFile; fileRef = 903D00FDC459BE7CB01C7C05 /* TheoryDiagrams.framework */; };
		C7DD7E578F81A088FD8391AB /* NavigationBackport.framework in Embed Frameworks */ = {isa = PBXBuildFile; fileRef = 68D3B171DBABC167DBBCE028 /* NavigationBackport.framework */; settings = {ATTRIBUTES = (CodeSignOnCopy, RemoveHeadersOnCopy, ); }; };
		D2B6E588EE1774D8CD6B34BE /* ModalityCore.framework in Frameworks */ = {isa = PBXBuildFile; fileRef = 32CA2091992AED4CF9895FD5 /* ModalityCore.framework */; };
		EE436E1733822CDFC50F96A3 /* Localizable.strings in Resources */ = {isa = PBXBuildFile; fileRef = 850445FF116FDD25D7705E4B /* Localizable.strings */; };
		F4E4EEAB305D317FAAEEED61 /* cmark_gfm.framework in Frameworks */ = {isa = PBXBuildFile; fileRef = 5B59E1D0D794E2F19A8FA744 /* cmark_gfm.framework */; };
/* End PBXBuildFile section */

/* Begin PBXCopyFilesBuildPhase section */
		5034E622FE4BC23C025646F2 /* Embed Frameworks */ = {
			isa = PBXCopyFilesBuildPhase;
			buildActionMask = 2147483647;
			dstPath = "";
			dstSubfolderSpec = 10;
			files = (
				755AFA425E072F3B003BD5C8 /* ModalityCore.framework in Embed Frameworks */,
				899A374420A89D2F71E31701 /* ModalityDesign.framework in Embed Frameworks */,
				C7DD7E578F81A088FD8391AB /* NavigationBackport.framework in Embed Frameworks */,
				2B9FC4826B433557F9D934C1 /* SwiftMusicTheory.framework in Embed Frameworks */,
				2F7442AC59D2561DFF230B56 /* TheoryDiagrams.framework in Embed Frameworks */,
			);
			name = "Embed Frameworks";
			runOnlyForDeploymentPostprocessing = 0;
		};
/* End PBXCopyFilesBuildPhase section */

/* Begin PBXFileReference section */
		089618688AEAB0D7C566B33E /* ModalityDesign.framework */ = {isa = PBXFileReference; explicitFileType = wrapper.framework; includeInIndex = 0; path = ModalityDesign.framework; sourceTree = BUILT_PRODUCTS_DIR; };
		22A56CF7D2D4095AFC6993D2 /* MarkdownUI.framework */ = {isa = PBXFileReference; explicitFileType = wrapper.framework; includeInIndex = 0; path = MarkdownUI.framework; sourceTree = BUILT_PRODUCTS_DIR; };
		25E113A325F90A3AFDACD1A4 /* Signing.xcconfig */ = {isa = PBXFileReference; lastKnownFileType = text.xcconfig; path = Signing.xcconfig; sourceTree = "<group>"; };
		32CA2091992AED4CF9895FD5 /* ModalityCore.framework */ = {isa = PBXFileReference; explicitFileType = wrapper.framework; includeInIndex = 0; path = ModalityCore.framework; sourceTree = BUILT_PRODUCTS_DIR; };
		5150B8EB83A38FEE8BE855FC /* TuistStrings+SpiralOfFifthsDemo.swift */ = {isa = PBXFileReference; lastKnownFileType = sourcecode.swift; path = "TuistStrings+SpiralOfFifthsDemo.swift"; sourceTree = "<group>"; };
		5B59E1D0D794E2F19A8FA744 /* cmark_gfm.framework */ = {isa = PBXFileReference; explicitFileType = wrapper.framework; includeInIndex = 0; path = cmark_gfm.framework; sourceTree = BUILT_PRODUCTS_DIR; };
		68D3B171DBABC167DBBCE028 /* NavigationBackport.framework */ = {isa = PBXFileReference; explicitFileType = wrapper.framework; includeInIndex = 0; path = NavigationBackport.framework; sourceTree = BUILT_PRODUCTS_DIR; };
		6D09B67367966C63C508DB55 /* SpiralOfFifthsDemo.app */ = {isa = PBXFileReference; explicitFileType = wrapper.application; includeInIndex = 0; path = SpiralOfFifthsDemo.app; sourceTree = BUILT_PRODUCTS_DIR; };
		80BF87B757C23803919C6436 /* SwiftMusicTheory.framework */ = {isa = PBXFileReference; explicitFileType = wrapper.framework; includeInIndex = 0; path = SwiftMusicTheory.framework; sourceTree = BUILT_PRODUCTS_DIR; };
		8F6D8C0890F8A388C4383E34 /* Assets.xcassets */ = {isa = PBXFileReference; lastKnownFileType = folder.assetcatalog; path = Assets.xcassets; sourceTree = "<group>"; };
		903D00FDC459BE7CB01C7C05 /* TheoryDiagrams.framework */ = {isa = PBXFileReference; explicitFileType = wrapper.framework; includeInIndex = 0; path = TheoryDiagrams.framework; sourceTree = BUILT_PRODUCTS_DIR; };
		9104E0F5EAF5C827D95112D6 /* SpiralOfFifthsDemo-Info.plist */ = {isa = PBXFileReference; lastKnownFileType = text.plist; path = "SpiralOfFifthsDemo-Info.plist"; sourceTree = "<group>"; };
		96158ACC3998534B8AD3D0BE /* TuistBundle+SpiralOfFifthsDemo.swift */ = {isa = PBXFileReference; lastKnownFileType = sourcecode.swift; path = "TuistBundle+SpiralOfFifthsDemo.swift"; sourceTree = "<group>"; };
		D21560CC0BC5B85FCB28DB86 /* ru */ = {isa = PBXFileReference; lastKnownFileType = text.plist.strings; name = ru; path = ru.lproj/Localizable.strings; sourceTree = "<group>"; };
		E521BBF760AFFFD89DA35C1C /* en */ = {isa = PBXFileReference; lastKnownFileType = text.plist.strings; name = en; path = en.lproj/Localizable.strings; sourceTree = "<group>"; };
		EE38393FA86B9AE5B0C7D399 /* NetworkImage.framework */ = {isa = PBXFileReference; explicitFileType = wrapper.framework; includeInIndex = 0; path = NetworkImage.framework; sourceTree = BUILT_PRODUCTS_DIR; };
/* End PBXFileReference section */

/* Begin PBXFileSystemSynchronizedRootGroup section */
		5358E36ABBA2A9FDAEEDC31C /* Sources */ = {
			isa = PBXFileSystemSynchronizedRootGroup;
			explicitFileTypes = {
			};
			explicitFolders = (
			);
			path = Sources;
			sourceTree = "<group>";
		};
/* End PBXFileSystemSynchronizedRootGroup section */

/* Begin PBXFrameworksBuildPhase section */
		C5BCE6DB326BA38CC1180427 /* Frameworks */ = {
			isa = PBXFrameworksBuildPhase;
			buildActionMask = 2147483647;
			files = (
				B3B1ADC91BFC3FBDFE2A5AD0 /* MarkdownUI.framework in Frameworks */,
				D2B6E588EE1774D8CD6B34BE /* ModalityCore.framework in Frameworks */,
				92830EB19331D85485258501 /* ModalityDesign.framework in Frameworks */,
				86759EEAE548742CF0C6D3CD /* NetworkImage.framework in Frameworks */,
				C600E6310B152A7D43CFA506 /* TheoryDiagrams.framework in Frameworks */,
				F4E4EEAB305D317FAAEEED61 /* cmark_gfm.framework in Frameworks */,
			);
			runOnlyForDeploymentPostprocessing = 0;
		};
/* End PBXFrameworksBuildPhase section */

/* Begin PBXGroup section */
		00FEFF7F56B727979DFAA09A /* Localization */ = {
			isa = PBXGroup;
			children = (
				850445FF116FDD25D7705E4B /* Localizable.strings */,
			);
			path = Localization;
			sourceTree = "<group>";
		};
		4197547A727EB0940EB2EFCB /* Derived */ = {
			isa = PBXGroup;
			children = (
				9D1511F071A7A02CED390F60 /* InfoPlists */,
				A5BAB449045A56D25738F6E0 /* Sources */,
			);
			path = Derived;
			sourceTree = "<group>";
		};
		51A9CE5216654BC505F43FFC = {
			isa = PBXGroup;
			children = (
				9A0536E090C7865158B57337 /* Products */,
				80C177BD3D457538ADC72909 /* Project */,
			);
			sourceTree = "<group>";
		};
		80C177BD3D457538ADC72909 /* Project */ = {
			isa = PBXGroup;
			children = (
				8217D3A6DA3E54E1F6BD3AC3 /* Configuration */,
				4197547A727EB0940EB2EFCB /* Derived */,
				C32F5AC66D7AEC049DB5B89E /* SpiralOfFifthsDemo */,
			);
			name = Project;
			sourceTree = "<group>";
		};
		8217D3A6DA3E54E1F6BD3AC3 /* Configuration */ = {
			isa = PBXGroup;
			children = (
				25E113A325F90A3AFDACD1A4 /* Signing.xcconfig */,
			);
			name = Configuration;
			path = ../Configuration;
			sourceTree = "<group>";
		};
		9A0536E090C7865158B57337 /* Products */ = {
			isa = PBXGroup;
			children = (
				5B59E1D0D794E2F19A8FA744 /* cmark_gfm.framework */,
				22A56CF7D2D4095AFC6993D2 /* MarkdownUI.framework */,
				32CA2091992AED4CF9895FD5 /* ModalityCore.framework */,
				089618688AEAB0D7C566B33E /* ModalityDesign.framework */,
				68D3B171DBABC167DBBCE028 /* NavigationBackport.framework */,
				EE38393FA86B9AE5B0C7D399 /* NetworkImage.framework */,
				6D09B67367966C63C508DB55 /* SpiralOfFifthsDemo.app */,
				80BF87B757C23803919C6436 /* SwiftMusicTheory.framework */,
				903D00FDC459BE7CB01C7C05 /* TheoryDiagrams.framework */,
			);
			name = Products;
			sourceTree = "<group>";
		};
		9D1511F071A7A02CED390F60 /* InfoPlists */ = {
			isa = PBXGroup;
			children = (
				9104E0F5EAF5C827D95112D6 /* SpiralOfFifthsDemo-Info.plist */,
			);
			path = InfoPlists;
			sourceTree = "<group>";
		};
		A5BAB449045A56D25738F6E0 /* Sources */ = {
			isa = PBXGroup;
			children = (
				96158ACC3998534B8AD3D0BE /* TuistBundle+SpiralOfFifthsDemo.swift */,
				5150B8EB83A38FEE8BE855FC /* TuistStrings+SpiralOfFifthsDemo.swift */,
			);
			path = Sources;
			sourceTree = "<group>";
		};
		C32F5AC66D7AEC049DB5B89E /* SpiralOfFifthsDemo */ = {
			isa = PBXGroup;
			children = (
				F36163C8EA66FA614B8AB955 /* Resources */,
				5358E36ABBA2A9FDAEEDC31C /* Sources */,
			);
			path = SpiralOfFifthsDemo;
			sourceTree = "<group>";
		};
		F36163C8EA66FA614B8AB955 /* Resources */ = {
			isa = PBXGroup;
			children = (
				00FEFF7F56B727979DFAA09A /* Localization */,
				8F6D8C0890F8A388C4383E34 /* Assets.xcassets */,
			);
			path = Resources;
			sourceTree = "<group>";
		};
/* End PBXGroup section */

/* Begin PBXNativeTarget section */
		932C70E9D373C630E92F0949 /* SpiralOfFifthsDemo */ = {
			isa = PBXNativeTarget;
			buildConfigurationList = 1F7764050AD14B100800D9EA /* Build configuration list for PBXNativeTarget "SpiralOfFifthsDemo" */;
			buildPhases = (
				2B8534A7763EAC8BB3E3BADE /* Sources */,
				79C3C6E35668D96155FA978B /* Resources */,
				C5BCE6DB326BA38CC1180427 /* Frameworks */,
				5034E622FE4BC23C025646F2 /* Embed Frameworks */,
			);
			buildRules = (
			);
			dependencies = (
			);
			fileSystemSynchronizedGroups = (
				5358E36ABBA2A9FDAEEDC31C /* Sources */,
			);
			name = SpiralOfFifthsDemo;
			packageProductDependencies = (
			);
			productName = SpiralOfFifthsDemo;
			productReference = 6D09B67367966C63C508DB55 /* SpiralOfFifthsDemo.app */;
			productType = "com.apple.product-type.application";
		};
/* End PBXNativeTarget section */

/* Begin PBXProject section */
		DA5B4954D03E2B7266FF01A9 /* Project object */ = {
			isa = PBXProject;
			attributes = {
				BuildIndependentTargetsInParallel = YES;
				ORGANIZATIONNAME = "Modality Lab";
				TargetAttributes = {
				};
			};
			buildConfigurationList = D7C6ECBC3DA6FB08E9FADB72 /* Build configuration list for PBXProject "SpiralOfFifthsDemo" */;
			compatibilityVersion = "Xcode 14.0";
			developmentRegion = en;
			hasScannedForEncodings = 0;
			knownRegions = (
				Base,
				en,
				ru,
			);
			mainGroup = 51A9CE5216654BC505F43FFC;
			productRefGroup = 9A0536E090C7865158B57337 /* Products */;
			projectDirPath = "";
			projectRoot = "";
			targets = (
				932C70E9D373C630E92F0949 /* SpiralOfFifthsDemo */,
			);
		};
/* End PBXProject section */

/* Begin PBXResourcesBuildPhase section */
		79C3C6E35668D96155FA978B /* Resources */ = {
			isa = PBXResourcesBuildPhase;
			buildActionMask = 2147483647;
			files = (
				63FCEFFD3CC3CF38E94BFD0D /* Assets.xcassets in Resources */,
				EE436E1733822CDFC50F96A3 /* Localizable.strings in Resources */,
			);
			runOnlyForDeploymentPostprocessing = 0;
		};
/* End PBXResourcesBuildPhase section */

/* Begin PBXSourcesBuildPhase section */
		2B8534A7763EAC8BB3E3BADE /* Sources */ = {
			isa = PBXSourcesBuildPhase;
			buildActionMask = 2147483647;
			files = (
				945511402F28EFF3F6DDF12D /* TuistBundle+SpiralOfFifthsDemo.swift in Sources */,
				89D4155D1CE48C37C135D183 /* TuistStrings+SpiralOfFifthsDemo.swift in Sources */,
			);
			runOnlyForDeploymentPostprocessing = 0;
		};
/* End PBXSourcesBuildPhase section */

/* Begin PBXVariantGroup section */
		850445FF116FDD25D7705E4B /* Localizable.strings */ = {
			isa = PBXVariantGroup;
			children = (
				E521BBF760AFFFD89DA35C1C /* en */,
				D21560CC0BC5B85FCB28DB86 /* ru */,
			);
			name = Localizable.strings;
			sourceTree = "<group>";
		};
/* End PBXVariantGroup section */

/* Begin XCBuildConfiguration section */
		5A4AA56F3645416AC0D16AAE /* Debug */ = {
			isa = XCBuildConfiguration;
			buildSettings = {
				ASSETCATALOG_COMPILER_APPICON_NAME = AppIcon;
				"ASSETCATALOG_COMPILER_APPICON_NAME[sdk=iphone*]" = AppIcon.iOS;
				"ASSETCATALOG_COMPILER_APPICON_NAME[sdk=macosx*]" = AppIcon.macOS;
				"ASSETCATALOG_COMPILER_APPICON_NAME[sdk=xr*]" = AppIcon.solidimagestack;
				ASSETCATALOG_COMPILER_GLOBAL_ACCENT_COLOR_NAME = AccentColor;
				"CODE_SIGN_ENTITLEMENTS[sdk=macosx*]" = ./SpiralOfFifthsDemo/Resources/Entitlements.macOS.entitlements;
				ENABLE_PREVIEWS = YES;
				HEADER_SEARCH_PATHS = (
					"$(inherited)",
					"$(SRCROOT)/../../../../Tuist/.build/checkouts/swift-markdown-ui/Sources/cmark-gfm/include",
				);
				INFOPLIST_FILE = "Derived/InfoPlists/SpiralOfFifthsDemo-Info.plist";
				"INFOPLIST_FILE[sdk=iphone*]" = ./SpiralOfFifthsDemo/Resources/Info.iOS.plist;
				"INFOPLIST_FILE[sdk=macosx*]" = ./SpiralOfFifthsDemo/Resources/Info.macOS.plist;
				"INFOPLIST_FILE[sdk=xr*]" = ./SpiralOfFifthsDemo/Resources/Info.visionOS.plist;
				IPHONEOS_DEPLOYMENT_TARGET = 16.0;
				LD_RUNPATH_SEARCH_PATHS = (
					"$(inherited)",
					"@executable_path/Frameworks",
				);
				"LD_RUNPATH_SEARCH_PATHS[sdk=macosx*]" = (
					"$(inherited)",
					"@executable_path/../Frameworks",
				);
				MACOSX_DEPLOYMENT_TARGET = 13.0;
				OTHER_CFLAGS = (
					"$(inherited)",
					"-fmodule-map-file=\"$(SRCROOT)/Derived/ModuleMaps/SpiralOfFifthsDemo-deps.modulemap\"",
				);
				OTHER_LDFLAGS = (
					"$(inherited)",
					"-L$(DT_TOOLCHAIN_DIR)/usr/lib/swift/$(PLATFORM_NAME)",
				);
				OTHER_SWIFT_FLAGS = (
					"$(inherited)",
					"-Xcc",
					"-fmodule-map-file=\"$(SRCROOT)/Derived/ModuleMaps/SpiralOfFifthsDemo-deps.modulemap\"",
				);
				PRODUCT_BUNDLE_IDENTIFIER = "com.modality-lab.SpiralOfFifthsDemo";
				PRODUCT_NAME = SpiralOfFifthsDemo;
				SDKROOT = auto;
				SUPPORTED_PLATFORMS = "iphoneos iphonesimulator macosx xros xrsimulator";
				SUPPORTS_MACCATALYST = NO;
				SUPPORTS_MAC_DESIGNED_FOR_IPHONE_IPAD = NO;
				SUPPORTS_XR_DESIGNED_FOR_IPHONE_IPAD = NO;
				SWIFT_ACTIVE_COMPILATION_CONDITIONS = (
					"$(inherited)",
					DEBUG,
				);
				SWIFT_COMPILATION_MODE = singlefile;
				SWIFT_OPTIMIZATION_LEVEL = "-Onone";
				TARGETED_DEVICE_FAMILY = "1,2,7";
				XROS_DEPLOYMENT_TARGET = 1.0;
			};
			name = Debug;
		};
		641363DFB4F954109E550F59 /* Release */ = {
			isa = XCBuildConfiguration;
			buildSettings = {
				ASSETCATALOG_COMPILER_APPICON_NAME = AppIcon;
				"ASSETCATALOG_COMPILER_APPICON_NAME[sdk=iphone*]" = AppIcon.iOS;
				"ASSETCATALOG_COMPILER_APPICON_NAME[sdk=macosx*]" = AppIcon.macOS;
				"ASSETCATALOG_COMPILER_APPICON_NAME[sdk=xr*]" = AppIcon.solidimagestack;
				ASSETCATALOG_COMPILER_GLOBAL_ACCENT_COLOR_NAME = AccentColor;
				"CODE_SIGN_ENTITLEMENTS[sdk=macosx*]" = ./SpiralOfFifthsDemo/Resources/Entitlements.macOS.entitlements;
				ENABLE_PREVIEWS = YES;
				HEADER_SEARCH_PATHS = (
					"$(inherited)",
					"$(SRCROOT)/../../../../Tuist/.build/checkouts/swift-markdown-ui/Sources/cmark-gfm/include",
				);
				INFOPLIST_FILE = "Derived/InfoPlists/SpiralOfFifthsDemo-Info.plist";
				"INFOPLIST_FILE[sdk=iphone*]" = ./SpiralOfFifthsDemo/Resources/Info.iOS.plist;
				"INFOPLIST_FILE[sdk=macosx*]" = ./SpiralOfFifthsDemo/Resources/Info.macOS.plist;
				"INFOPLIST_FILE[sdk=xr*]" = ./SpiralOfFifthsDemo/Resources/Info.visionOS.plist;
				IPHONEOS_DEPLOYMENT_TARGET = 16.0;
				LD_RUNPATH_SEARCH_PATHS = (
					"$(inherited)",
					"@executable_path/Frameworks",
				);
				"LD_RUNPATH_SEARCH_PATHS[sdk=macosx*]" = (
					"$(inherited)",
					"@executable_path/../Frameworks",
				);
				MACOSX_DEPLOYMENT_TARGET = 13.0;
				OTHER_CFLAGS = (
					"$(inherited)",
					"-fmodule-map-file=\"$(SRCROOT)/Derived/ModuleMaps/SpiralOfFifthsDemo-deps.modulemap\"",
				);
				OTHER_LDFLAGS = (
					"$(inherited)",
					"-L$(DT_TOOLCHAIN_DIR)/usr/lib/swift/$(PLATFORM_NAME)",
				);
				OTHER_SWIFT_FLAGS = (
					"$(inherited)",
					"-Xcc",
					"-fmodule-map-file=\"$(SRCROOT)/Derived/ModuleMaps/SpiralOfFifthsDemo-deps.modulemap\"",
				);
				PRODUCT_BUNDLE_IDENTIFIER = "com.modality-lab.SpiralOfFifthsDemo";
				PRODUCT_NAME = SpiralOfFifthsDemo;
				SDKROOT = auto;
				SUPPORTED_PLATFORMS = "iphoneos iphonesimulator macosx xros xrsimulator";
				SUPPORTS_MACCATALYST = NO;
				SUPPORTS_MAC_DESIGNED_FOR_IPHONE_IPAD = NO;
				SUPPORTS_XR_DESIGNED_FOR_IPHONE_IPAD = NO;
				SWIFT_COMPILATION_MODE = wholemodule;
				SWIFT_OPTIMIZATION_LEVEL = "-O";
				TARGETED_DEVICE_FAMILY = "1,2,7";
				XROS_DEPLOYMENT_TARGET = 1.0;
			};
			name = Release;
		};
		71AA82806094D56D0F97BFF2 /* Release */ = {
			isa = XCBuildConfiguration;
			baseConfigurationReference = 25E113A325F90A3AFDACD1A4 /* Signing.xcconfig */;
			buildSettings = {
				ALWAYS_SEARCH_USER_PATHS = NO;
				CLANG_ANALYZER_LOCALIZABILITY_NONLOCALIZED = YES;
				CLANG_ANALYZER_NONNULL = YES;
				CLANG_ANALYZER_NUMBER_OBJECT_CONVERSION = YES_AGGRESSIVE;
				CLANG_CXX_LANGUAGE_STANDARD = "gnu++14";
				CLANG_CXX_LIBRARY = "libc++";
				CLANG_ENABLE_MODULES = YES;
				CLANG_ENABLE_OBJC_ARC = YES;
				CLANG_ENABLE_OBJC_WEAK = YES;
				CLANG_WARN_BLOCK_CAPTURE_AUTORELEASING = YES;
				CLANG_WARN_BOOL_CONVERSION = YES;
				CLANG_WARN_COMMA = YES;
				CLANG_WARN_CONSTANT_CONVERSION = YES;
				CLANG_WARN_DEPRECATED_OBJC_IMPLEMENTATIONS = YES;
				CLANG_WARN_DIRECT_OBJC_ISA_USAGE = YES_ERROR;
				CLANG_WARN_DOCUMENTATION_COMMENTS = YES;
				CLANG_WARN_EMPTY_BODY = YES;
				CLANG_WARN_ENUM_CONVERSION = YES;
				CLANG_WARN_INFINITE_RECURSION = YES;
				CLANG_WARN_INT_CONVERSION = YES;
				CLANG_WARN_NON_LITERAL_NULL_CONVERSION = YES;
				CLANG_WARN_OBJC_IMPLICIT_RETAIN_SELF = YES;
				CLANG_WARN_OBJC_LITERAL_CONVERSION = YES;
				CLANG_WARN_OBJC_ROOT_CLASS = YES_ERROR;
				CLANG_WARN_QUOTED_INCLUDE_IN_FRAMEWORK_HEADER = YES;
				CLANG_WARN_RANGE_LOOP_ANALYSIS = YES;
				CLANG_WARN_STRICT_PROTOTYPES = YES;
				CLANG_WARN_SUSPICIOUS_MOVE = YES;
				CLANG_WARN_UNGUARDED_AVAILABILITY = YES_AGGRESSIVE;
				CLANG_WARN_UNREACHABLE_CODE = YES;
				CLANG_WARN__DUPLICATE_METHOD_MATCH = YES;
				COPY_PHASE_STRIP = NO;
				DEAD_CODE_STRIPPING = YES;
				DEBUG_INFORMATION_FORMAT = "dwarf-with-dsym";
				ENABLE_NS_ASSERTIONS = NO;
				ENABLE_STRICT_OBJC_MSGSEND = YES;
				GCC_C_LANGUAGE_STANDARD = gnu11;
				GCC_NO_COMMON_BLOCKS = YES;
				GCC_WARN_64_TO_32_BIT_CONVERSION = YES;
				GCC_WARN_ABOUT_RETURN_TYPE = YES_ERROR;
				GCC_WARN_UNDECLARED_SELECTOR = YES;
				GCC_WARN_UNINITIALIZED_AUTOS = YES_AGGRESSIVE;
				GCC_WARN_UNUSED_FUNCTION = YES;
				GCC_WARN_UNUSED_VARIABLE = YES;
				MTL_ENABLE_DEBUG_INFO = NO;
				PRODUCT_NAME = "$(TARGET_NAME)";
				SWIFT_STRICT_CONCURRENCY = complete;
				SWIFT_VERSION = 6.0;
				VALIDATE_PRODUCT = YES;
			};
			name = Release;
		};
		847447CB8935D2D92FD4600B /* Debug */ = {
			isa = XCBuildConfiguration;
			baseConfigurationReference = 25E113A325F90A3AFDACD1A4 /* Signing.xcconfig */;
			buildSettings = {
				ALWAYS_SEARCH_USER_PATHS = NO;
				CLANG_ANALYZER_LOCALIZABILITY_NONLOCALIZED = YES;
				CLANG_ANALYZER_NONNULL = YES;
				CLANG_ANALYZER_NUMBER_OBJECT_CONVERSION = YES_AGGRESSIVE;
				CLANG_CXX_LANGUAGE_STANDARD = "gnu++14";
				CLANG_CXX_LIBRARY = "libc++";
				CLANG_ENABLE_MODULES = YES;
				CLANG_ENABLE_OBJC_ARC = YES;
				CLANG_ENABLE_OBJC_WEAK = YES;
				CLANG_WARN_BLOCK_CAPTURE_AUTORELEASING = YES;
				CLANG_WARN_BOOL_CONVERSION = YES;
				CLANG_WARN_COMMA = YES;
				CLANG_WARN_CONSTANT_CONVERSION = YES;
				CLANG_WARN_DEPRECATED_OBJC_IMPLEMENTATIONS = YES;
				CLANG_WARN_DIRECT_OBJC_ISA_USAGE = YES_ERROR;
				CLANG_WARN_DOCUMENTATION_COMMENTS = YES;
				CLANG_WARN_EMPTY_BODY = YES;
				CLANG_WARN_ENUM_CONVERSION = YES;
				CLANG_WARN_INFINITE_RECURSION = YES;
				CLANG_WARN_INT_CONVERSION = YES;
				CLANG_WARN_NON_LITERAL_NULL_CONVERSION = YES;
				CLANG_WARN_OBJC_IMPLICIT_RETAIN_SELF = YES;
				CLANG_WARN_OBJC_LITERAL_CONVERSION = YES;
				CLANG_WARN_OBJC_ROOT_CLASS = YES_ERROR;
				CLANG_WARN_QUOTED_INCLUDE_IN_FRAMEWORK_HEADER = YES;
				CLANG_WARN_RANGE_LOOP_ANALYSIS = YES;
				CLANG_WARN_STRICT_PROTOTYPES = YES;
				CLANG_WARN_SUSPICIOUS_MOVE = YES;
				CLANG_WARN_UNGUARDED_AVAILABILITY = YES_AGGRESSIVE;
				CLANG_WARN_UNREACHABLE_CODE = YES;
				CLANG_WARN__DUPLICATE_METHOD_MATCH = YES;
				COPY_PHASE_STRIP = NO;
				DEAD_CODE_STRIPPING = YES;
				DEBUG_INFORMATION_FORMAT = dwarf;
				ENABLE_STRICT_OBJC_MSGSEND = YES;
				ENABLE_TESTABILITY = YES;
				GCC_C_LANGUAGE_STANDARD = gnu11;
				GCC_DYNAMIC_NO_PIC = NO;
				GCC_NO_COMMON_BLOCKS = YES;
				GCC_OPTIMIZATION_LEVEL = 0;
				GCC_PREPROCESSOR_DEFINITIONS = (
					"DEBUG=1",
					"$(inherited)",
				);
				GCC_WARN_64_TO_32_BIT_CONVERSION = YES;
				GCC_WARN_ABOUT_RETURN_TYPE = YES_ERROR;
				GCC_WARN_UNDECLARED_SELECTOR = YES;
				GCC_WARN_UNINITIALIZED_AUTOS = YES_AGGRESSIVE;
				GCC_WARN_UNUSED_FUNCTION = YES;
				GCC_WARN_UNUSED_VARIABLE = YES;
				MTL_ENABLE_DEBUG_INFO = YES;
				ONLY_ACTIVE_ARCH = YES;
				PRODUCT_NAME = "$(TARGET_NAME)";
				SWIFT_STRICT_CONCURRENCY = complete;
				SWIFT_VERSION = 6.0;
			};
			name = Debug;
		};
/* End XCBuildConfiguration section */

/* Begin XCConfigurationList section */
		1F7764050AD14B100800D9EA /* Build configuration list for PBXNativeTarget "SpiralOfFifthsDemo" */ = {
			isa = XCConfigurationList;
			buildConfigurations = (
				5A4AA56F3645416AC0D16AAE /* Debug */,
				641363DFB4F954109E550F59 /* Release */,
			);
			defaultConfigurationIsVisible = 0;
			defaultConfigurationName = Release;
		};
		D7C6ECBC3DA6FB08E9FADB72 /* Build configuration list for PBXProject "SpiralOfFifthsDemo" */ = {
			isa = XCConfigurationList;
			buildConfigurations = (
				847447CB8935D2D92FD4600B /* Debug */,
				71AA82806094D56D0F97BFF2 /* Release */,
			);
			defaultConfigurationIsVisible = 0;
			defaultConfigurationName = Release;
		};
/* End XCConfigurationList section */
	};
	rootObject = DA5B4954D03E2B7266FF01A9 /* Project object */;
}
